// !$*UTF8*$!
{
	archiveVersion = 1;
	classes = {
	};
	objectVersion = 46;
	objects = {

/* Begin PBXBuildFile section */
		1F6500D61E5EC4B000EF5254 /* main.m in Sources */ = {isa = PBXBuildFile; fileRef = 1F6500D51E5EC4B000EF5254 /* main.m */; };
		1F6500D91E5EC4B000EF5254 /* AppDelegate.m in Sources */ = {isa = PBXBuildFile; fileRef = 1F6500D81E5EC4B000EF5254 /* AppDelegate.m */; };
		1F6500DC1E5EC4B100EF5254 /* ViewController.m in Sources */ = {isa = PBXBuildFile; fileRef = 1F6500DB1E5EC4B100EF5254 /* ViewController.m */; };
		1F6500DF1E5EC4B100EF5254 /* Main.storyboard in Resources */ = {isa = PBXBuildFile; fileRef = 1F6500DD1E5EC4B100EF5254 /* Main.storyboard */; };
		1F6500E11E5EC4B100EF5254 /* Assets.xcassets in Resources */ = {isa = PBXBuildFile; fileRef = 1F6500E01E5EC4B100EF5254 /* Assets.xcassets */; };
		1F6500E41E5EC4B100EF5254 /* LaunchScreen.storyboard in Resources */ = {isa = PBXBuildFile; fileRef = 1F6500E21E5EC4B100EF5254 /* LaunchScreen.storyboard */; };
		1F6500EF1E5EC4B200EF5254 /* WIFICommunicationUITests.m in Sources */ = {isa = PBXBuildFile; fileRef = 1F6500EE1E5EC4B200EF5254 /* WIFICommunicationUITests.m */; };
		1F6500FB1E5ED63C00EF5254 /* WiFiLanDataModel.m in Sources */ = {isa = PBXBuildFile; fileRef = 1F6500FA1E5ED63C00EF5254 /* WiFiLanDataModel.m */; };
		1F6500FE1E5EE24400EF5254 /* AsynSocketViewController.m in Sources */ = {isa = PBXBuildFile; fileRef = 1F6500FD1E5EE24400EF5254 /* AsynSocketViewController.m */; };
		D4DDE8A3149024F346131084 /* libPods-WIFICommunication.a in Frameworks */ = {isa = PBXBuildFile; fileRef = 13AD5ADBE40F5AD6314D291E /* libPods-WIFICommunication.a */; };
/* End PBXBuildFile section */

/* Begin PBXContainerItemProxy section */
		1F6500EB1E5EC4B100EF5254 /* PBXContainerItemProxy */ = {
			isa = PBXContainerItemProxy;
			containerPortal = 1F6500C91E5EC4B000EF5254 /* Project object */;
			proxyType = 1;
			remoteGlobalIDString = 1F6500D01E5EC4B000EF5254;
			remoteInfo = WIFICommunication;
		};
/* End PBXContainerItemProxy section */

/* Begin PBXFileReference section */
		0D9A5A26D6FEA982D49E153B /* Pods-WIFICommunication.debug.xcconfig */ = {isa = PBXFileReference; includeInIndex = 1; lastKnownFileType = text.xcconfig; name = "Pods-WIFICommunication.debug.xcconfig"; path = "Pods/Target Support Files/Pods-WIFICommunication/Pods-WIFICommunication.debug.xcconfig"; sourceTree = "<group>"; };
		13AD5ADBE40F5AD6314D291E /* libPods-WIFICommunication.a */ = {isa = PBXFileReference; explicitFileType = archive.ar; includeInIndex = 0; path = "libPods-WIFICommunication.a"; sourceTree = BUILT_PRODUCTS_DIR; };
		1F6500D11E5EC4B000EF5254 /* WIFICommunication.app */ = {isa = PBXFileReference; explicitFileType = wrapper.application; includeInIndex = 0; path = WIFICommunication.app; sourceTree = BUILT_PRODUCTS_DIR; };
		1F6500D51E5EC4B000EF5254 /* main.m */ = {isa = PBXFileReference; lastKnownFileType = sourcecode.c.objc; path = main.m; sourceTree = "<group>"; };
		1F6500D71E5EC4B000EF5254 /* AppDelegate.h */ = {isa = PBXFileReference; lastKnownFileType = sourcecode.c.h; path = AppDelegate.h; sourceTree = "<group>"; };
		1F6500D81E5EC4B000EF5254 /* AppDelegate.m */ = {isa = PBXFileReference; lastKnownFileType = sourcecode.c.objc; path = AppDelegate.m; sourceTree = "<group>"; };
		1F6500DA1E5EC4B100EF5254 /* ViewController.h */ = {isa = PBXFileReference; lastKnownFileType = sourcecode.c.h; path = ViewController.h; sourceTree = "<group>"; };
		1F6500DB1E5EC4B100EF5254 /* ViewController.m */ = {isa = PBXFileReference; lastKnownFileType = sourcecode.c.objc; path = ViewController.m; sourceTree = "<group>"; };
		1F6500DE1E5EC4B100EF5254 /* Base */ = {isa = PBXFileReference; lastKnownFileType = file.storyboard; name = Base; path = Base.lproj/Main.storyboard; sourceTree = "<group>"; };
		1F6500E01E5EC4B100EF5254 /* Assets.xcassets */ = {isa = PBXFileReference; lastKnownFileType = folder.assetcatalog; path = Assets.xcassets; sourceTree = "<group>"; };
		1F6500E31E5EC4B100EF5254 /* Base */ = {isa = PBXFileReference; lastKnownFileType = file.storyboard; name = Base; path = Base.lproj/LaunchScreen.storyboard; sourceTree = "<group>"; };
		1F6500E51E5EC4B100EF5254 /* Info.plist */ = {isa = PBXFileReference; lastKnownFileType = text.plist.xml; path = Info.plist; sourceTree = "<group>"; };
		1F6500EA1E5EC4B100EF5254 /* WIFICommunicationUITests.xctest */ = {isa = PBXFileReference; explicitFileType = wrapper.cfbundle; includeInIndex = 0; path = WIFICommunicationUITests.xctest; sourceTree = BUILT_PRODUCTS_DIR; };
		1F6500EE1E5EC4B200EF5254 /* WIFICommunicationUITests.m */ = {isa = PBXFileReference; lastKnownFileType = sourcecode.c.objc; path = WIFICommunicationUITests.m; sourceTree = "<group>"; };
		1F6500F01E5EC4B200EF5254 /* Info.plist */ = {isa = PBXFileReference; lastKnownFileType = text.plist.xml; path = Info.plist; sourceTree = "<group>"; };
		1F6500F91E5ED63C00EF5254 /* WiFiLanDataModel.h */ = {isa = PBXFileReference; fileEncoding = 4; lastKnownFileType = sourcecode.c.h; path = WiFiLanDataModel.h; sourceTree = "<group>"; };
		1F6500FA1E5ED63C00EF5254 /* WiFiLanDataModel.m */ = {isa = PBXFileReference; fileEncoding = 4; lastKnownFileType = sourcecode.c.objc; path = WiFiLanDataModel.m; sourceTree = "<group>"; };
		1F6500FC1E5EE24400EF5254 /* AsynSocketViewController.h */ = {isa = PBXFileReference; fileEncoding = 4; lastKnownFileType = sourcecode.c.h; path = AsynSocketViewController.h; sourceTree = "<group>"; };
		1F6500FD1E5EE24400EF5254 /* AsynSocketViewController.m */ = {isa = PBXFileReference; fileEncoding = 4; lastKnownFileType = sourcecode.c.objc; path = AsynSocketViewController.m; sourceTree = "<group>"; };
		8CCE970999556532EAA8B742 /* Pods-WIFICommunication.release.xcconfig */ = {isa = PBXFileReference; includeInIndex = 1; lastKnownFileType = text.xcconfig; name = "Pods-WIFICommunication.release.xcconfig"; path = "Pods/Target Support Files/Pods-WIFICommunication/Pods-WIFICommunication.release.xcconfig"; sourceTree = "<group>"; };
/* End PBXFileReference section */

/* Begin PBXFrameworksBuildPhase section */
		1F6500CE1E5EC4B000EF5254 /* Frameworks */ = {
			isa = PBXFrameworksBuildPhase;
			buildActionMask = 2147483647;
			files = (
				D4DDE8A3149024F346131084 /* libPods-WIFICommunication.a in Frameworks */,
			);
			runOnlyForDeploymentPostprocessing = 0;
		};
		1F6500E71E5EC4B100EF5254 /* Frameworks */ = {
			isa = PBXFrameworksBuildPhase;
			buildActionMask = 2147483647;
			files = (
			);
			runOnlyForDeploymentPostprocessing = 0;
		};
/* End PBXFrameworksBuildPhase section */

/* Begin PBXGroup section */
		1F6500C81E5EC4B000EF5254 = {
			isa = PBXGroup;
			children = (
				1F6500D31E5EC4B000EF5254 /* WIFICommunication */,
				1F6500ED1E5EC4B200EF5254 /* WIFICommunicationUITests */,
				1F6500D21E5EC4B000EF5254 /* Products */,
				358562AA70A0A5E5B718CD3E /* Pods */,
				78F94E63766C1B74434D103F /* Frameworks */,
			);
			sourceTree = "<group>";
		};
		1F6500D21E5EC4B000EF5254 /* Products */ = {
			isa = PBXGroup;
			children = (
				1F6500D11E5EC4B000EF5254 /* WIFICommunication.app */,
				1F6500EA1E5EC4B100EF5254 /* WIFICommunicationUITests.xctest */,
			);
			name = Products;
			sourceTree = "<group>";
		};
		1F6500D31E5EC4B000EF5254 /* WIFICommunication */ = {
			isa = PBXGroup;
			children = (
				1F6500D71E5EC4B000EF5254 /* AppDelegate.h */,
				1F6500D81E5EC4B000EF5254 /* AppDelegate.m */,
				1F6500DA1E5EC4B100EF5254 /* ViewController.h */,
				1F6500DB1E5EC4B100EF5254 /* ViewController.m */,
				1F6500F91E5ED63C00EF5254 /* WiFiLanDataModel.h */,
				1F6500FA1E5ED63C00EF5254 /* WiFiLanDataModel.m */,
				1F6500FC1E5EE24400EF5254 /* AsynSocketViewController.h */,
				1F6500FD1E5EE24400EF5254 /* AsynSocketViewController.m */,
				1F6500DD1E5EC4B100EF5254 /* Main.storyboard */,
				1F6500E01E5EC4B100EF5254 /* Assets.xcassets */,
				1F6500E21E5EC4B100EF5254 /* LaunchScreen.storyboard */,
				1F6500E51E5EC4B100EF5254 /* Info.plist */,
				1F6500D41E5EC4B000EF5254 /* Supporting Files */,
			);
			path = WIFICommunication;
			sourceTree = "<group>";
		};
		1F6500D41E5EC4B000EF5254 /* Supporting Files */ = {
			isa = PBXGroup;
			children = (
				1F6500D51E5EC4B000EF5254 /* main.m */,
			);
			name = "Supporting Files";
			sourceTree = "<group>";
		};
		1F6500ED1E5EC4B200EF5254 /* WIFICommunicationUITests */ = {
			isa = PBXGroup;
			children = (
				1F6500EE1E5EC4B200EF5254 /* WIFICommunicationUITests.m */,
				1F6500F01E5EC4B200EF5254 /* Info.plist */,
			);
			path = WIFICommunicationUITests;
			sourceTree = "<group>";
		};
		358562AA70A0A5E5B718CD3E /* Pods */ = {
			isa = PBXGroup;
			children = (
				0D9A5A26D6FEA982D49E153B /* Pods-WIFICommunication.debug.xcconfig */,
				8CCE970999556532EAA8B742 /* Pods-WIFICommunication.release.xcconfig */,
			);
			name = Pods;
			sourceTree = "<group>";
		};
		78F94E63766C1B74434D103F /* Frameworks */ = {
			isa = PBXGroup;
			children = (
				13AD5ADBE40F5AD6314D291E /* libPods-WIFICommunication.a */,
			);
			name = Frameworks;
			sourceTree = "<group>";
		};
/* End PBXGroup section */

/* Begin PBXNativeTarget section */
		1F6500D01E5EC4B000EF5254 /* WIFICommunication */ = {
			isa = PBXNativeTarget;
			buildConfigurationList = 1F6500F31E5EC4B200EF5254 /* Build configuration list for PBXNativeTarget "WIFICommunication" */;
			buildPhases = (
				DC3FAE27E8B92B05F389711F /* [CP] Check Pods Manifest.lock */,
				1F6500CD1E5EC4B000EF5254 /* Sources */,
				1F6500CE1E5EC4B000EF5254 /* Frameworks */,
				1F6500CF1E5EC4B000EF5254 /* Resources */,
				48599EEC14C91B8AF7BA59E8 /* [CP] Embed Pods Frameworks */,
				0A8F038D0EF591993F7B67E4 /* [CP] Copy Pods Resources */,
			);
			buildRules = (
			);
			dependencies = (
			);
			name = WIFICommunication;
			productName = WIFICommunication;
			productReference = 1F6500D11E5EC4B000EF5254 /* WIFICommunication.app */;
			productType = "com.apple.product-type.application";
		};
		1F6500E91E5EC4B100EF5254 /* WIFICommunicationUITests */ = {
			isa = PBXNativeTarget;
			buildConfigurationList = 1F6500F61E5EC4B200EF5254 /* Build configuration list for PBXNativeTarget "WIFICommunicationUITests" */;
			buildPhases = (
				1F6500E61E5EC4B100EF5254 /* Sources */,
				1F6500E71E5EC4B100EF5254 /* Frameworks */,
				1F6500E81E5EC4B100EF5254 /* Resources */,
			);
			buildRules = (
			);
			dependencies = (
				1F6500EC1E5EC4B100EF5254 /* PBXTargetDependency */,
			);
			name = WIFICommunicationUITests;
			productName = WIFICommunicationUITests;
			productReference = 1F6500EA1E5EC4B100EF5254 /* WIFICommunicationUITests.xctest */;
			productType = "com.apple.product-type.bundle.ui-testing";
		};
/* End PBXNativeTarget section */

/* Begin PBXProject section */
		1F6500C91E5EC4B000EF5254 /* Project object */ = {
			isa = PBXProject;
			attributes = {
				LastUpgradeCheck = 0820;
				ORGANIZATIONNAME = "宗盛商业";
				TargetAttributes = {
					1F6500D01E5EC4B000EF5254 = {
						CreatedOnToolsVersion = 8.2.1;
						DevelopmentTeam = BQ9TFQKXJU;
						ProvisioningStyle = Automatic;
					};
					1F6500E91E5EC4B100EF5254 = {
						CreatedOnToolsVersion = 8.2.1;
						DevelopmentTeam = BQ9TFQKXJU;
						ProvisioningStyle = Automatic;
						TestTargetID = 1F6500D01E5EC4B000EF5254;
					};
				};
			};
			buildConfigurationList = 1F6500CC1E5EC4B000EF5254 /* Build configuration list for PBXProject "WIFICommunication" */;
			compatibilityVersion = "Xcode 3.2";
			developmentRegion = English;
			hasScannedForEncodings = 0;
			knownRegions = (
				en,
				Base,
			);
			mainGroup = 1F6500C81E5EC4B000EF5254;
			productRefGroup = 1F6500D21E5EC4B000EF5254 /* Products */;
			projectDirPath = "";
			projectRoot = "";
			targets = (
				1F6500D01E5EC4B000EF5254 /* WIFICommunication */,
				1F6500E91E5EC4B100EF5254 /* WIFICommunicationUITests */,
			);
		};
/* End PBXProject section */

/* Begin PBXResourcesBuildPhase section */
		1F6500CF1E5EC4B000EF5254 /* Resources */ = {
			isa = PBXResourcesBuildPhase;
			buildActionMask = 2147483647;
			files = (
				1F6500E41E5EC4B100EF5254 /* LaunchScreen.storyboard in Resources */,
				1F6500E11E5EC4B100EF5254 /* Assets.xcassets in Resources */,
				1F6500DF1E5EC4B100EF5254 /* Main.storyboard in Resources */,
			);
			runOnlyForDeploymentPostprocessing = 0;
		};
		1F6500E81E5EC4B100EF5254 /* Resources */ = {
			isa = PBXResourcesBuildPhase;
			buildActionMask = 2147483647;
			files = (
			);
			runOnlyForDeploymentPostprocessing = 0;
		};
/* End PBXResourcesBuildPhase section */

/* Begin PBXShellScriptBuildPhase section */
		0A8F038D0EF591993F7B67E4 /* [CP] Copy Pods Resources */ = {
			isa = PBXShellScriptBuildPhase;
			buildActionMask = 2147483647;
			files = (
			);
			inputPaths = (
			);
			name = "[CP] Copy Pods Resources";
			outputPaths = (
			);
			runOnlyForDeploymentPostprocessing = 0;
			shellPath = /bin/sh;
			shellScript = "\"${SRCROOT}/Pods/Target Support Files/Pods-WIFICommunication/Pods-WIFICommunication-resources.sh\"\n";
			showEnvVarsInLog = 0;
		};
		48599EEC14C91B8AF7BA59E8 /* [CP] Embed Pods Frameworks */ = {
			isa = PBXShellScriptBuildPhase;
			buildActionMask = 2147483647;
			files = (
			);
			inputPaths = (
			);
			name = "[CP] Embed Pods Frameworks";
			outputPaths = (
			);
			runOnlyForDeploymentPostprocessing = 0;
			shellPath = /bin/sh;
			shellScript = "\"${SRCROOT}/Pods/Target Support Files/Pods-WIFICommunication/Pods-WIFICommunication-frameworks.sh\"\n";
			showEnvVarsInLog = 0;
		};
		DC3FAE27E8B92B05F389711F /* [CP] Check Pods Manifest.lock */ = {
			isa = PBXShellScriptBuildPhase;
			buildActionMask = 2147483647;
			files = (
			);
			inputPaths = (
			);
			name = "[CP] Check Pods Manifest.lock";
			outputPaths = (
			);
			runOnlyForDeploymentPostprocessing = 0;
			shellPath = /bin/sh;
			shellScript = "diff \"${PODS_ROOT}/../Podfile.lock\" \"${PODS_ROOT}/Manifest.lock\" > /dev/null\nif [ $? != 0 ] ; then\n    # print error to STDERR\n    echo \"error: The sandbox is not in sync with the Podfile.lock. Run 'pod install' or update your CocoaPods installation.\" >&2\n    exit 1\nfi\n";
			showEnvVarsInLog = 0;
		};
/* End PBXShellScriptBuildPhase section */

/* Begin PBXSourcesBuildPhase section */
		1F6500CD1E5EC4B000EF5254 /* Sources */ = {
			isa = PBXSourcesBuildPhase;
			buildActionMask = 2147483647;
			files = (
				1F6500FE1E5EE24400EF5254 /* AsynSocketViewController.m in Sources */,
				1F6500DC1E5EC4B100EF5254 /* ViewController.m in Sources */,
				1F6500D91E5EC4B000EF5254 /* AppDelegate.m in Sources */,
				1F6500FB1E5ED63C00EF5254 /* WiFiLanDataModel.m in Sources */,
				1F6500D61E5EC4B000EF5254 /* main.m in Sources */,
			);
			runOnlyForDeploymentPostprocessing = 0;
		};
		1F6500E61E5EC4B100EF5254 /* Sources */ = {
			isa = PBXSourcesBuildPhase;
			buildActionMask = 2147483647;
			files = (
				1F6500EF1E5EC4B200EF5254 /* WIFICommunicationUITests.m in Sources */,
			);
			runOnlyForDeploymentPostprocessing = 0;
		};
/* End PBXSourcesBuildPhase section */

/* Begin PBXTargetDependency section */
		1F6500EC1E5EC4B100EF5254 /* PBXTargetDependency */ = {
			isa = PBXTargetDependency;
			target = 1F6500D01E5EC4B000EF5254 /* WIFICommunication */;
			targetProxy = 1F6500EB1E5EC4B100EF5254 /* PBXContainerItemProxy */;
		};
/* End PBXTargetDependency section */

/* Begin PBXVariantGroup section */
		1F6500DD1E5EC4B100EF5254 /* Main.storyboard */ = {
			isa = PBXVariantGroup;
			children = (
				1F6500DE1E5EC4B100EF5254 /* Base */,
			);
			name = Main.storyboard;
			sourceTree = "<group>";
		};
		1F6500E21E5EC4B100EF5254 /* LaunchScreen.storyboard */ = {
			isa = PBXVariantGroup;
			children = (
				1F6500E31E5EC4B100EF5254 /* Base */,
			);
			name = LaunchScreen.storyboard;
			sourceTree = "<group>";
		};
/* End PBXVariantGroup section */

/* Begin XCBuildConfiguration section */
		1F6500F11E5EC4B200EF5254 /* Debug */ = {
			isa = XCBuildConfiguration;
			buildSettings = {
				ALWAYS_SEARCH_USER_PATHS = NO;
				CLANG_ANALYZER_NONNULL = YES;
				CLANG_CXX_LANGUAGE_STANDARD = "gnu++0x";
				CLANG_CXX_LIBRARY = "libc++";
				CLANG_ENABLE_MODULES = YES;
				CLANG_ENABLE_OBJC_ARC = YES;
				CLANG_WARN_BOOL_CONVERSION = YES;
				CLANG_WARN_CONSTANT_CONVERSION = YES;
				CLANG_WARN_DIRECT_OBJC_ISA_USAGE = YES_ERROR;
				CLANG_WARN_DOCUMENTATION_COMMENTS = YES;
				CLANG_WARN_EMPTY_BODY = YES;
				CLANG_WARN_ENUM_CONVERSION = YES;
				CLANG_WARN_INFINITE_RECURSION = YES;
				CLANG_WARN_INT_CONVERSION = YES;
				CLANG_WARN_OBJC_ROOT_CLASS = YES_ERROR;
				CLANG_WARN_SUSPICIOUS_MOVE = YES;
				CLANG_WARN_UNREACHABLE_CODE = YES;
				CLANG_WARN__DUPLICATE_METHOD_MATCH = YES;
				"CODE_SIGN_IDENTITY[sdk=iphoneos*]" = "iPhone Developer";
				COPY_PHASE_STRIP = NO;
				DEBUG_INFORMATION_FORMAT = dwarf;
				ENABLE_STRICT_OBJC_MSGSEND = YES;
				ENABLE_TESTABILITY = YES;
				GCC_C_LANGUAGE_STANDARD = gnu99;
				GCC_DYNAMIC_NO_PIC = NO;
				GCC_NO_COMMON_BLOCKS = YES;
				GCC_OPTIMIZATION_LEVEL = 0;
				GCC_PREPROCESSOR_DEFINITIONS = (
					"DEBUG=1",
					"$(inherited)",
				);
				GCC_WARN_64_TO_32_BIT_CONVERSION = YES;
				GCC_WARN_ABOUT_RETURN_TYPE = YES_ERROR;
				GCC_WARN_UNDECLARED_SELECTOR = YES;
				GCC_WARN_UNINITIALIZED_AUTOS = YES_AGGRESSIVE;
				GCC_WARN_UNUSED_FUNCTION = YES;
				GCC_WARN_UNUSED_VARIABLE = YES;
				IPHONEOS_DEPLOYMENT_TARGET = 10.2;
				MTL_ENABLE_DEBUG_INFO = YES;
				ONLY_ACTIVE_ARCH = YES;
				SDKROOT = iphoneos;
			};
			name = Debug;
		};
		1F6500F21E5EC4B200EF5254 /* Release */ = {
			isa = XCBuildConfiguration;
			buildSettings = {
				ALWAYS_SEARCH_USER_PATHS = NO;
				CLANG_ANALYZER_NONNULL = YES;
				CLANG_CXX_LANGUAGE_STANDARD = "gnu++0x";
				CLANG_CXX_LIBRARY = "libc++";
				CLANG_ENABLE_MODULES = YES;
				CLANG_ENABLE_OBJC_ARC = YES;
				CLANG_WARN_BOOL_CONVERSION = YES;
				CLANG_WARN_CONSTANT_CONVERSION = YES;
				CLANG_WARN_DIRECT_OBJC_ISA_USAGE = YES_ERROR;
				CLANG_WARN_DOCUMENTATION_COMMENTS = YES;
				CLANG_WARN_EMPTY_BODY = YES;
				CLANG_WARN_ENUM_CONVERSION = YES;
				CLANG_WARN_INFINITE_RECURSION = YES;
				CLANG_WARN_INT_CONVERSION = YES;
				CLANG_WARN_OBJC_ROOT_CLASS = YES_ERROR;
				CLANG_WARN_SUSPICIOUS_MOVE = YES;
				CLANG_WARN_UNREACHABLE_CODE = YES;
				CLANG_WARN__DUPLICATE_METHOD_MATCH = YES;
				"CODE_SIGN_IDENTITY[sdk=iphoneos*]" = "iPhone Developer";
				COPY_PHASE_STRIP = NO;
				DEBUG_INFORMATION_FORMAT = "dwarf-with-dsym";
				ENABLE_NS_ASSERTIONS = NO;
				ENABLE_STRICT_OBJC_MSGSEND = YES;
				GCC_C_LANGUAGE_STANDARD = gnu99;
				GCC_NO_COMMON_BLOCKS = YES;
				GCC_WARN_64_TO_32_BIT_CONVERSION = YES;
				GCC_WARN_ABOUT_RETURN_TYPE = YES_ERROR;
				GCC_WARN_UNDECLARED_SELECTOR = YES;
				GCC_WARN_UNINITIALIZED_AUTOS = YES_AGGRESSIVE;
				GCC_WARN_UNUSED_FUNCTION = YES;
				GCC_WARN_UNUSED_VARIABLE = YES;
				IPHONEOS_DEPLOYMENT_TARGET = 10.2;
				MTL_ENABLE_DEBUG_INFO = NO;
				SDKROOT = iphoneos;
				VALIDATE_PRODUCT = YES;
			};
			name = Release;
		};
		1F6500F41E5EC4B200EF5254 /* Debug */ = {
			isa = XCBuildConfiguration;
			baseConfigurationReference = 0D9A5A26D6FEA982D49E153B /* Pods-WIFICommunication.debug.xcconfig */;
			buildSettings = {
				ASSETCATALOG_COMPILER_APPICON_NAME = AppIcon;
				DEVELOPMENT_TEAM = BQ9TFQKXJU;
				INFOPLIST_FILE = WIFICommunication/Info.plist;
				LD_RUNPATH_SEARCH_PATHS = "$(inherited) @executable_path/Frameworks";
				PRODUCT_BUNDLE_IDENTIFIER = com.zssy.AM.Fire;
				PRODUCT_NAME = "$(TARGET_NAME)";
			};
			name = Debug;
		};
		1F6500F51E5EC4B200EF5254 /* Release */ = {
			isa = XCBuildConfiguration;
			baseConfigurationReference = 8CCE970999556532EAA8B742 /* Pods-WIFICommunication.release.xcconfig */;
			buildSettings = {
				ASSETCATALOG_COMPILER_APPICON_NAME = AppIcon;
				DEVELOPMENT_TEAM = BQ9TFQKXJU;
				INFOPLIST_FILE = WIFICommunication/Info.plist;
				LD_RUNPATH_SEARCH_PATHS = "$(inherited) @executable_path/Frameworks";
				PRODUCT_BUNDLE_IDENTIFIER = com.zssy.AM.Fire;
				PRODUCT_NAME = "$(TARGET_NAME)";
			};
			name = Release;
		};
		1F6500F71E5EC4B200EF5254 /* Debug */ = {
			isa = XCBuildConfiguration;
			buildSettings = {
				DEVELOPMENT_TEAM = BQ9TFQKXJU;
				INFOPLIST_FILE = WIFICommunicationUITests/Info.plist;
				LD_RUNPATH_SEARCH_PATHS = "$(inherited) @executable_path/Frameworks @loader_path/Frameworks";
				PRODUCT_BUNDLE_IDENTIFIER = com.zssy.AM.WIFICommunicationUITests;
				PRODUCT_NAME = "$(TARGET_NAME)";
				TEST_TARGET_NAME = WIFICommunication;
			};
			name = Debug;
		};
		1F6500F81E5EC4B200EF5254 /* Release */ = {
			isa = XCBuildConfiguration;
			buildSettings = {
				DEVELOPMENT_TEAM = BQ9TFQKXJU;
				INFOPLIST_FILE = WIFICommunicationUITests/Info.plist;
				LD_RUNPATH_SEARCH_PATHS = "$(inherited) @executable_path/Frameworks @loader_path/Frameworks";
				PRODUCT_BUNDLE_IDENTIFIER = com.zssy.AM.WIFICommunicationUITests;
				PRODUCT_NAME = "$(TARGET_NAME)";
				TEST_TARGET_NAME = WIFICommunication;
			};
			name = Release;
		};
/* End XCBuildConfiguration section */

/* Begin XCConfigurationList section */
		1F6500CC1E5EC4B000EF5254 /* Build configuration list for PBXProject "WIFICommunication" */ = {
			isa = XCConfigurationList;
			buildConfigurations = (
				1F6500F11E5EC4B200EF5254 /* Debug */,
				1F6500F21E5EC4B200EF5254 /* Release */,
			);
			defaultConfigurationIsVisible = 0;
			defaultConfigurationName = Release;
		};
		1F6500F31E5EC4B200EF5254 /* Build configuration list for PBXNativeTarget "WIFICommunication" */ = {
			isa = XCConfigurationList;
			buildConfigurations = (
				1F6500F41E5EC4B200EF5254 /* Debug */,
				1F6500F51E5EC4B200EF5254 /* Release */,
			);
			defaultConfigurationIsVisible = 0;
			defaultConfigurationName = Release;
		};
		1F6500F61E5EC4B200EF5254 /* Build configuration list for PBXNativeTarget "WIFICommunicationUITests" */ = {
			isa = XCConfigurationList;
			buildConfigurations = (
				1F6500F71E5EC4B200EF5254 /* Debug */,
				1F6500F81E5EC4B200EF5254 /* Release */,
			);
			defaultConfigurationIsVisible = 0;
			defaultConfigurationName = Release;
		};
/* End XCConfigurationList section */
	};
	rootObject = 1F6500C91E5EC4B000EF5254 /* Project object */;
}
